
Microsoft Visual Studio Solution File, Format Version 12.00
# Visual Studio Version 17
VisualStudioVersion = 17.11.35222.181
MinimumVisualStudioVersion = 10.0.40219.1
Project("{9A19103F-16F7-4668-BE54-9A1E7A4F7556}") = "ECommerce.Api.Products", "ECommerce.Api.Products\ECommerce.Api.Products.csproj", "{2F31CF43-A738-46B3-B473-D6E58702F473}"
EndProject
Project("{9A19103F-16F7-4668-BE54-9A1E7A4F7556}") = "ECommerce.Api.Customers", "ECommerce.Api.Customers\ECommerce.Api.Customers.csproj", "{33A39417-C267-4019-98E6-333E8FD418F0}"
EndProject
Project("{9A19103F-16F7-4668-BE54-9A1E7A4F7556}") = "ECommerce.Api.Orders", "ECommerce.Api.Orders\ECommerce.Api.Orders.csproj", "{03F75EF7-D195-40CD-8F0C-26B0A025F47C}"
EndProject
Project("{9A19103F-16F7-4668-BE54-9A1E7A4F7556}") = "ECommerce.Api.Search", "ECommerce.Api.Search\ECommerce.Api.Search.csproj", "{AD677796-2357-47DF-A5CC-F130B4B6D1E4}"
EndProject
Project("{9A19103F-16F7-4668-BE54-9A1E7A4F7556}") = "ECommerce.Api.Products.Tests", "ECommerce.Api.Products.Tests\ECommerce.Api.Products.Tests.csproj", "{14EB3D74-AE2F-44D1-B4FE-475160BCF45B}"
EndProject
Project("{E53339B2-1760-4266-BCC7-CA923CBCF16C}") = "docker-compose", "docker-compose.dcproj", "{C822DE3F-A018-4E4E-983B-5BFF294E5011}"
EndProject
Global
	GlobalSection(SolutionConfigurationPlatforms) = preSolution
		Debug|Any CPU = Debug|Any CPU
		Release|Any CPU = Release|Any CPU
	EndGlobalSection
	GlobalSection(ProjectConfigurationPlatforms) = postSolution
		{2F31CF43-A738-46B3-B473-D6E58702F473}.Debug|Any CPU.ActiveCfg = Debug|Any CPU
		{2F31CF43-A738-46B3-B473-D6E58702F473}.Debug|Any CPU.Build.0 = Debug|Any CPU
		{2F31CF43-A738-46B3-B473-D6E58702F473}.Release|Any CPU.ActiveCfg = Release|Any CPU
		{2F31CF43-A738-46B3-B473-D6E58702F473}.Release|Any CPU.Build.0 = Release|Any CPU
		{33A39417-C267-4019-98E6-333E8FD418F0}.Debug|Any CPU.ActiveCfg = Debug|Any CPU
		{33A39417-C267-4019-98E6-333E8FD418F0}.Debug|Any CPU.Build.0 = Debug|Any CPU
		{33A39417-C267-4019-98E6-333E8FD418F0}.Release|Any CPU.ActiveCfg = Release|Any CPU
		{33A39417-C267-4019-98E6-333E8FD418F0}.Release|Any CPU.Build.0 = Release|Any CPU
		{03F75EF7-D195-40CD-8F0C-26B0A025F47C}.Debug|Any CPU.ActiveCfg = Debug|Any CPU
		{03F75EF7-D195-40CD-8F0C-26B0A025F47C}.Debug|Any CPU.Build.0 = Debug|Any CPU
		{03F75EF7-D195-40CD-8F0C-26B0A025F47C}.Release|Any CPU.ActiveCfg = Release|Any CPU
		{03F75EF7-D195-40CD-8F0C-26B0A025F47C}.Release|Any CPU.Build.0 = Release|Any CPU
		{AD677796-2357-47DF-A5CC-F130B4B6D1E4}.Debug|Any CPU.ActiveCfg = Debug|Any CPU
		{AD677796-2357-47DF-A5CC-F130B4B6D1E4}.Debug|Any CPU.Build.0 = Debug|Any CPU
		{AD677796-2357-47DF-A5CC-F130B4B6D1E4}.Release|Any CPU.ActiveCfg = Release|Any CPU
		{AD677796-2357-47DF-A5CC-F130B4B6D1E4}.Release|Any CPU.Build.0 = Release|Any CPU
		{14EB3D74-AE2F-44D1-B4FE-475160BCF45B}.Debug|Any CPU.ActiveCfg = Debug|Any CPU
		{14EB3D74-AE2F-44D1-B4FE-475160BCF45B}.Debug|Any CPU.Build.0 = Debug|Any CPU
		{14EB3D74-AE2F-44D1-B4FE-475160BCF45B}.Release|Any CPU.ActiveCfg = Release|Any CPU
		{14EB3D74-AE2F-44D1-B4FE-475160BCF45B}.Release|Any CPU.Build.0 = Release|Any CPU
		{C822DE3F-A018-4E4E-983B-5BFF294E5011}.Debug|Any CPU.ActiveCfg = Debug|Any CPU
		{C822DE3F-A018-4E4E-983B-5BFF294E5011}.Debug|Any CPU.Build.0 = Debug|Any CPU
		{C822DE3F-A018-4E4E-983B-5BFF294E5011}.Release|Any CPU.ActiveCfg = Release|Any CPU
		{C822DE3F-A018-4E4E-983B-5BFF294E5011}.Release|Any CPU.Build.0 = Release|Any CPU
	EndGlobalSection
	GlobalSection(SolutionProperties) = preSolution
		HideSolutionNode = FALSE
	EndGlobalSection
	GlobalSection(ExtensibilityGlobals) = postSolution
		SolutionGuid = {72E2BF76-839E-4F31-8ACE-4E96D53F2209}
	EndGlobalSection
EndGlobal
